
Microsoft Visual Studio Solution File, Format Version 12.00
# Visual Studio 15
VisualStudioVersion = 15.0.27428.2015
MinimumVisualStudioVersion = 10.0.40219.1
Project("{FAE04EC0-301F-11D3-BF4B-00C04F79EFBC}") = "Hello", "Hello\Hello.csproj", "{18901D9D-4C05-4080-9222-995CF3555C72}"
EndProject
Project("{FAE04EC0-301F-11D3-BF4B-00C04F79EFBC}") = "StudentDiary", "StudentDiary\StudentDiary.csproj", "{B30353F0-1D04-4BCA-ADF1-1DCFA2B114EF}"
EndProject
Project("{FAE04EC0-301F-11D3-BF4B-00C04F79EFBC}") = "Constructors", "Constructors\Constructors.csproj", "{4F276B3F-CC18-432C-9A4E-9C8CE0A43423}"
EndProject
Project("{FAE04EC0-301F-11D3-BF4B-00C04F79EFBC}") = "Odcinek10_klasa_a_zmienna", "Odcinek10_klasa_a_zmienna\Odcinek10_klasa_a_zmienna.csproj", "{FA065ED1-E4C7-4315-A361-15DD6182E4B6}"
EndProject
Global
	GlobalSection(SolutionConfigurationPlatforms) = preSolution
		Debug|Any CPU = Debug|Any CPU
		Release|Any CPU = Release|Any CPU
	EndGlobalSection
	GlobalSection(ProjectConfigurationPlatforms) = postSolution
		{18901D9D-4C05-4080-9222-995CF3555C72}.Debug|Any CPU.ActiveCfg = Debug|Any CPU
		{18901D9D-4C05-4080-9222-995CF3555C72}.Debug|Any CPU.Build.0 = Debug|Any CPU
		{18901D9D-4C05-4080-9222-995CF3555C72}.Release|Any CPU.ActiveCfg = Release|Any CPU
		{18901D9D-4C05-4080-9222-995CF3555C72}.Release|Any CPU.Build.0 = Release|Any CPU
		{B30353F0-1D04-4BCA-ADF1-1DCFA2B114EF}.Debug|Any CPU.ActiveCfg = Debug|Any CPU
		{B30353F0-1D04-4BCA-ADF1-1DCFA2B114EF}.Debug|Any CPU.Build.0 = Debug|Any CPU
		{B30353F0-1D04-4BCA-ADF1-1DCFA2B114EF}.Release|Any CPU.ActiveCfg = Release|Any CPU
		{B30353F0-1D04-4BCA-ADF1-1DCFA2B114EF}.Release|Any CPU.Build.0 = Release|Any CPU
		{4F276B3F-CC18-432C-9A4E-9C8CE0A43423}.Debug|Any CPU.ActiveCfg = Debug|Any CPU
		{4F276B3F-CC18-432C-9A4E-9C8CE0A43423}.Debug|Any CPU.Build.0 = Debug|Any CPU
		{4F276B3F-CC18-432C-9A4E-9C8CE0A43423}.Release|Any CPU.ActiveCfg = Release|Any CPU
		{4F276B3F-CC18-432C-9A4E-9C8CE0A43423}.Release|Any CPU.Build.0 = Release|Any CPU
		{FA065ED1-E4C7-4315-A361-15DD6182E4B6}.Debug|Any CPU.ActiveCfg = Debug|Any CPU
		{FA065ED1-E4C7-4315-A361-15DD6182E4B6}.Debug|Any CPU.Build.0 = Debug|Any CPU
		{FA065ED1-E4C7-4315-A361-15DD6182E4B6}.Release|Any CPU.ActiveCfg = Release|Any CPU
		{FA065ED1-E4C7-4315-A361-15DD6182E4B6}.Release|Any CPU.Build.0 = Release|Any CPU
	EndGlobalSection
	GlobalSection(SolutionProperties) = preSolution
		HideSolutionNode = FALSE
	EndGlobalSection
	GlobalSection(ExtensibilityGlobals) = postSolution
		SolutionGuid = {45E521ED-8B72-44B2-8CD8-B6DDBEA69F06}
	EndGlobalSection
EndGlobal
